// !$*UTF8*$!
{
	archiveVersion = 1;
	classes = {
	};
	objectVersion = 42;
	objects = {

/* Begin PBXBuildFile section */
		3F7B51150D516F4F00BA3087 /* Sources.cpp in Sources */ = {isa = PBXBuildFile; fileRef = 3F7B51140D516F4F00BA3087 /* Sources.cpp */; };
		3F81C9E00CECA558001EE08B /* Constants.h in CopyFiles */ = {isa = PBXBuildFile; fileRef = 3F81C9D30CECA558001EE08B /* Constants.h */; };
		3F81C9E50CECA558001EE08B /* Matrix.cpp in Sources */ = {isa = PBXBuildFile; fileRef = 3F81C9D80CECA558001EE08B /* Matrix.cpp */; };
		3F81C9E60CECA558001EE08B /* Matrix.h in CopyFiles */ = {isa = PBXBuildFile; fileRef = 3F81C9D90CECA558001EE08B /* Matrix.h */; };
		3F81C9E70CECA558001EE08B /* ResGrid.cpp in Sources */ = {isa = PBXBuildFile; fileRef = 3F81C9DA0CECA558001EE08B /* ResGrid.cpp */; };
		3F81C9E80CECA558001EE08B /* ResGrid.h in CopyFiles */ = {isa = PBXBuildFile; fileRef = 3F81C9DB0CECA558001EE08B /* ResGrid.h */; };
		3F81C9E90CECA558001EE08B /* SizeDomain.cpp in Sources */ = {isa = PBXBuildFile; fileRef = 3F81C9DC0CECA558001EE08B /* SizeDomain.cpp */; };
		3F81C9EA0CECA558001EE08B /* SizeDomain.h in CopyFiles */ = {isa = PBXBuildFile; fileRef = 3F81C9DD0CECA558001EE08B /* SizeDomain.h */; };
		3F81C9EB0CECA558001EE08B /* SizeGrid.cpp in Sources */ = {isa = PBXBuildFile; fileRef = 3F81C9DE0CECA558001EE08B /* SizeGrid.cpp */; };
		3F81C9EC0CECA558001EE08B /* SizeGrid.h in CopyFiles */ = {isa = PBXBuildFile; fileRef = 3F81C9DF0CECA558001EE08B /* SizeGrid.h */; };
		3F81CDE30CF1EA5C001EE08B /* Utils.h in CopyFiles */ = {isa = PBXBuildFile; fileRef = 3F81CDE10CF1EA5C001EE08B /* Utils.h */; };
		3F81CDE40CF1EA5C001EE08B /* Utils.cpp in Sources */ = {isa = PBXBuildFile; fileRef = 3F81CDE20CF1EA5C001EE08B /* Utils.cpp */; };
		3FFD7BE00CF1EBA1008F9EBE /* main.cpp in Sources */ = {isa = PBXBuildFile; fileRef = 3FFD7BDF0CF1EBA1008F9EBE /* main.cpp */; };
		3FFD7C0F0CF1ECF8008F9EBE /* Input.h in CopyFiles */ = {isa = PBXBuildFile; fileRef = 3FFD7C0D0CF1ECF8008F9EBE /* Input.h */; };
		3FFD7C100CF1ECF8008F9EBE /* Input.cpp in Sources */ = {isa = PBXBuildFile; fileRef = 3FFD7C0E0CF1ECF8008F9EBE /* Input.cpp */; };
		3FFD81A70CF24AC2008F9EBE /* SorSolution.h in CopyFiles */ = {isa = PBXBuildFile; fileRef = 3FFD81A50CF24AC2008F9EBE /* SorSolution.h */; };
		3FFD81A80CF24AC2008F9EBE /* SorSolution.cpp in Sources */ = {isa = PBXBuildFile; fileRef = 3FFD81A60CF24AC2008F9EBE /* SorSolution.cpp */; };
		3FFD83AB0CF266E2008F9EBE /* MPI_Input.cpp in Sources */ = {isa = PBXBuildFile; fileRef = 3FFD83A90CF266E2008F9EBE /* MPI_Input.cpp */; };
		3FFD83AC0CF266E2008F9EBE /* MPI_Input.h in CopyFiles */ = {isa = PBXBuildFile; fileRef = 3FFD83AA0CF266E2008F9EBE /* MPI_Input.h */; };
/* End PBXBuildFile section */

/* Begin PBXCopyFilesBuildPhase section */
		8DD76F690486A84900D96B5E /* CopyFiles */ = {
			isa = PBXCopyFilesBuildPhase;
			buildActionMask = 8;
			dstPath = /usr/share/man/man1/;
			dstSubfolderSpec = 0;
			files = (
				3F81C9E00CECA558001EE08B /* Constants.h in CopyFiles */,
				3F81C9E60CECA558001EE08B /* Matrix.h in CopyFiles */,
				3F81C9E80CECA558001EE08B /* ResGrid.h in CopyFiles */,
				3F81C9EA0CECA558001EE08B /* SizeDomain.h in CopyFiles */,
				3F81C9EC0CECA558001EE08B /* SizeGrid.h in CopyFiles */,
				3F81CDE30CF1EA5C001EE08B /* Utils.h in CopyFiles */,
				3FFD7C0F0CF1ECF8008F9EBE /* Input.h in CopyFiles */,
				3FFD81A70CF24AC2008F9EBE /* SorSolution.h in CopyFiles */,
				3FFD83AC0CF266E2008F9EBE /* MPI_Input.h in CopyFiles */,
			);
			runOnlyForDeploymentPostprocessing = 1;
		};
/* End PBXCopyFilesBuildPhase section */

/* Begin PBXFileReference section */
		3F14AE260FC72B750057BC26 /* SOR.h */ = {isa = PBXFileReference; fileEncoding = 4; lastKnownFileType = sourcecode.c.h; path = SOR.h; sourceTree = "<group>"; };
		3F14AE270FC72B750057BC26 /* SOR.cpp */ = {isa = PBXFileReference; fileEncoding = 4; lastKnownFileType = sourcecode.cpp.cpp; path = SOR.cpp; sourceTree = "<group>"; };
		3F6E0E680FCB16AB00E6A9F9 /* pSOR2D */ = {isa = PBXFileReference; explicitFileType = "compiled.mach-o.executable"; includeInIndex = 0; path = pSOR2D; sourceTree = BUILT_PRODUCTS_DIR; };
		3F7B51130D516F4F00BA3087 /* Sources.h */ = {isa = PBXFileReference; fileEncoding = 4; lastKnownFileType = sourcecode.c.h; path = Sources.h; sourceTree = "<group>"; };
		3F7B51140D516F4F00BA3087 /* Sources.cpp */ = {isa = PBXFileReference; fileEncoding = 4; lastKnownFileType = sourcecode.cpp.cpp; path = Sources.cpp; sourceTree = "<group>"; };
		3F81C9D30CECA558001EE08B /* Constants.h */ = {isa = PBXFileReference; fileEncoding = 30; lastKnownFileType = sourcecode.c.h; path = Constants.h; sourceTree = "<group>"; };
		3F81C9D80CECA558001EE08B /* Matrix.cpp */ = {isa = PBXFileReference; fileEncoding = 30; lastKnownFileType = sourcecode.cpp.cpp; path = Matrix.cpp; sourceTree = "<group>"; };
		3F81C9D90CECA558001EE08B /* Matrix.h */ = {isa = PBXFileReference; fileEncoding = 30; lastKnownFileType = sourcecode.c.h; path = Matrix.h; sourceTree = "<group>"; };
		3F81C9DA0CECA558001EE08B /* ResGrid.cpp */ = {isa = PBXFileReference; fileEncoding = 30; lastKnownFileType = sourcecode.cpp.cpp; path = ResGrid.cpp; sourceTree = "<group>"; };
		3F81C9DB0CECA558001EE08B /* ResGrid.h */ = {isa = PBXFileReference; fileEncoding = 30; lastKnownFileType = sourcecode.c.h; path = ResGrid.h; sourceTree = "<group>"; };
		3F81C9DC0CECA558001EE08B /* SizeDomain.cpp */ = {isa = PBXFileReference; fileEncoding = 30; lastKnownFileType = sourcecode.cpp.cpp; path = SizeDomain.cpp; sourceTree = "<group>"; };
		3F81C9DD0CECA558001EE08B /* SizeDomain.h */ = {isa = PBXFileReference; fileEncoding = 30; lastKnownFileType = sourcecode.c.h; path = SizeDomain.h; sourceTree = "<group>"; };
		3F81C9DE0CECA558001EE08B /* SizeGrid.cpp */ = {isa = PBXFileReference; fileEncoding = 30; lastKnownFileType = sourcecode.cpp.cpp; path = SizeGrid.cpp; sourceTree = "<group>"; };
		3F81C9DF0CECA558001EE08B /* SizeGrid.h */ = {isa = PBXFileReference; fileEncoding = 30; lastKnownFileType = sourcecode.c.h; path = SizeGrid.h; sourceTree = "<group>"; };
		3F81CDE10CF1EA5C001EE08B /* Utils.h */ = {isa = PBXFileReference; fileEncoding = 4; lastKnownFileType = sourcecode.c.h; path = Utils.h; sourceTree = "<group>"; };
		3F81CDE20CF1EA5C001EE08B /* Utils.cpp */ = {isa = PBXFileReference; fileEncoding = 4; lastKnownFileType = sourcecode.cpp.cpp; path = Utils.cpp; sourceTree = "<group>"; };
		3FC49ADE0D88D90F00D30752 /* untitled */ = {isa = PBXFileReference; fileEncoding = 4; lastKnownFileType = text; path = untitled; sourceTree = "<group>"; };
		3FFD7BDF0CF1EBA1008F9EBE /* main.cpp */ = {isa = PBXFileReference; fileEncoding = 4; lastKnownFileType = sourcecode.cpp.cpp; path = main.cpp; sourceTree = "<group>"; };
		3FFD7C0D0CF1ECF8008F9EBE /* Input.h */ = {isa = PBXFileReference; fileEncoding = 4; lastKnownFileType = sourcecode.c.h; path = Input.h; sourceTree = "<group>"; };
		3FFD7C0E0CF1ECF8008F9EBE /* Input.cpp */ = {isa = PBXFileReference; fileEncoding = 4; lastKnownFileType = sourcecode.cpp.cpp; path = Input.cpp; sourceTree = "<group>"; };
		3FFD81A50CF24AC2008F9EBE /* SorSolution.h */ = {isa = PBXFileReference; fileEncoding = 4; lastKnownFileType = sourcecode.c.h; path = SorSolution.h; sourceTree = "<group>"; };
		3FFD81A60CF24AC2008F9EBE /* SorSolution.cpp */ = {isa = PBXFileReference; fileEncoding = 4; lastKnownFileType = sourcecode.cpp.cpp; path = SorSolution.cpp; sourceTree = "<group>"; };
		3FFD83A90CF266E2008F9EBE /* MPI_Input.cpp */ = {isa = PBXFileReference; fileEncoding = 30; lastKnownFileType = sourcecode.cpp.cpp; path = MPI_Input.cpp; sourceTree = "<group>"; };
		3FFD83AA0CF266E2008F9EBE /* MPI_Input.h */ = {isa = PBXFileReference; fileEncoding = 30; lastKnownFileType = sourcecode.c.h; path = MPI_Input.h; sourceTree = "<group>"; };
/* End PBXFileReference section */

/* Begin PBXFrameworksBuildPhase section */
		8DD76F660486A84900D96B5E /* Frameworks */ = {
			isa = PBXFrameworksBuildPhase;
			buildActionMask = 2147483647;
			files = (
			);
			runOnlyForDeploymentPostprocessing = 0;
		};
/* End PBXFrameworksBuildPhase section */

/* Begin PBXGroup section */
		08FB7794FE84155DC02AAC07 /* pSOR2D */ = {
			isa = PBXGroup;
			children = (
				3FFD85760CF27DD4008F9EBE /* Level 3 */,
				1AB674ADFE9D54B511CA2CBB /* Products */,
			);
			name = pSOR2D;
			sourceTree = "<group>";
		};
		08FB7795FE84155DC02AAC07 /* Level 0 */ = {
			isa = PBXGroup;
			children = (
				3FFD7C0D0CF1ECF8008F9EBE /* Input.h */,
				3FFD7C0E0CF1ECF8008F9EBE /* Input.cpp */,
				3FFD7F470CF227FC008F9EBE /* Level -1 */,
			);
			name = "Level 0";
			sourceTree = "<group>";
		};
		1AB674ADFE9D54B511CA2CBB /* Products */ = {
			isa = PBXGroup;
			children = (
				3F6E0E680FCB16AB00E6A9F9 /* pSOR2D */,
			);
			name = Products;
			sourceTree = "<group>";
		};
		3FFD7F470CF227FC008F9EBE /* Level -1 */ = {
			isa = PBXGroup;
			children = (
				3FFD81A50CF24AC2008F9EBE /* SorSolution.h */,
				3FFD81A60CF24AC2008F9EBE /* SorSolution.cpp */,
				C6859E8C029090F304C91782 /* Level -2 */,
			);
			name = "Level -1";
			sourceTree = "<group>";
		};
		3FFD83AD0CF26724008F9EBE /* Level -4 */ = {
			isa = PBXGroup;
			children = (
				3F81C9DD0CECA558001EE08B /* SizeDomain.h */,
				3F81C9DC0CECA558001EE08B /* SizeDomain.cpp */,
				3F81C9DF0CECA558001EE08B /* SizeGrid.h */,
				3F81C9DE0CECA558001EE08B /* SizeGrid.cpp */,
				3F81C9D90CECA558001EE08B /* Matrix.h */,
				3F81C9D80CECA558001EE08B /* Matrix.cpp */,
				3FFD83AA0CF266E2008F9EBE /* MPI_Input.h */,
				3FFD83A90CF266E2008F9EBE /* MPI_Input.cpp */,
				3F81C9D30CECA558001EE08B /* Constants.h */,
			);
			name = "Level -4";
			sourceTree = "<group>";
		};
		3FFD83AE0CF2673E008F9EBE /* Level -3 */ = {
			isa = PBXGroup;
			children = (
				3F81C9DB0CECA558001EE08B /* ResGrid.h */,
				3F81C9DA0CECA558001EE08B /* ResGrid.cpp */,
				3FFD83AD0CF26724008F9EBE /* Level -4 */,
			);
			name = "Level -3";
			sourceTree = "<group>";
		};
		3FFD856C0CF27D97008F9EBE /* Level 1 */ = {
			isa = PBXGroup;
			children = (
				3F81CDE10CF1EA5C001EE08B /* Utils.h */,
				3F81CDE20CF1EA5C001EE08B /* Utils.cpp */,
				08FB7795FE84155DC02AAC07 /* Level 0 */,
			);
			name = "Level 1";
			sourceTree = "<group>";
		};
		3FFD85750CF27DBF008F9EBE /* Level 2 */ = {
			isa = PBXGroup;
			children = (
				3F14AE260FC72B750057BC26 /* SOR.h */,
				3F14AE270FC72B750057BC26 /* SOR.cpp */,
				3FFD856C0CF27D97008F9EBE /* Level 1 */,
			);
			name = "Level 2";
			sourceTree = "<group>";
		};
		3FFD85760CF27DD4008F9EBE /* Level 3 */ = {
			isa = PBXGroup;
			children = (
				3FFD7BDF0CF1EBA1008F9EBE /* main.cpp */,
				3FFD85750CF27DBF008F9EBE /* Level 2 */,
				3FC49ADE0D88D90F00D30752 /* untitled */,
			);
			name = "Level 3";
			sourceTree = "<group>";
		};
		C6859E8C029090F304C91782 /* Level -2 */ = {
			isa = PBXGroup;
			children = (
				3F7B51130D516F4F00BA3087 /* Sources.h */,
				3F7B51140D516F4F00BA3087 /* Sources.cpp */,
				3FFD83AE0CF2673E008F9EBE /* Level -3 */,
			);
			name = "Level -2";
			sourceTree = "<group>";
		};
/* End PBXGroup section */

/* Begin PBXLegacyTarget section */
		3F8F18F90D47DA1A0090A692 /* makefile */ = {
			isa = PBXLegacyTarget;
			buildArgumentsString = "$(ACTION)";
			buildConfigurationList = 3F8F19080D47DA310090A692 /* Build configuration list for PBXLegacyTarget "makefile" */;
			buildPhases = (
			);
			buildToolPath = /usr/bin/make;
			dependencies = (
			);
			name = makefile;
			passBuildSettingsInEnvironment = 1;
			productName = makefile;
		};
/* End PBXLegacyTarget section */

/* Begin PBXNativeTarget section */
		8DD76F620486A84900D96B5E /* pSOR2D */ = {
			isa = PBXNativeTarget;
			buildConfigurationList = 1DEB923108733DC60010E9CD /* Build configuration list for PBXNativeTarget "pSOR2D" */;
			buildPhases = (
				8DD76F640486A84900D96B5E /* Sources */,
				8DD76F660486A84900D96B5E /* Frameworks */,
				8DD76F690486A84900D96B5E /* CopyFiles */,
			);
			buildRules = (
			);
			dependencies = (
			);
			name = pSOR2D;
			productInstallPath = "$(HOME)/bin";
			productName = pSOR2D;
			productReference = 3F6E0E680FCB16AB00E6A9F9 /* pSOR2D */;
			productType = "com.apple.product-type.tool";
		};
/* End PBXNativeTarget section */

/* Begin PBXProject section */
		08FB7793FE84155DC02AAC07 /* Project object */ = {
			isa = PBXProject;
			buildConfigurationList = 1DEB923508733DC60010E9CD /* Build configuration list for PBXProject "pSOR2D" */;
			compatibilityVersion = "Xcode 2.4";
			hasScannedForEncodings = 1;
			mainGroup = 08FB7794FE84155DC02AAC07 /* pSOR2D */;
			projectDirPath = "";
			projectRoot = "";
			targets = (
				8DD76F620486A84900D96B5E /* pSOR2D */,
				3F8F18F90D47DA1A0090A692 /* makefile */,
			);
		};
/* End PBXProject section */

/* Begin PBXSourcesBuildPhase section */
		8DD76F640486A84900D96B5E /* Sources */ = {
			isa = PBXSourcesBuildPhase;
			buildActionMask = 2147483647;
			files = (
				3F81C9E50CECA558001EE08B /* Matrix.cpp in Sources */,
				3F81C9E70CECA558001EE08B /* ResGrid.cpp in Sources */,
				3F81C9E90CECA558001EE08B /* SizeDomain.cpp in Sources */,
				3F81C9EB0CECA558001EE08B /* SizeGrid.cpp in Sources */,
				3F81CDE40CF1EA5C001EE08B /* Utils.cpp in Sources */,
				3FFD7BE00CF1EBA1008F9EBE /* main.cpp in Sources */,
				3FFD7C100CF1ECF8008F9EBE /* Input.cpp in Sources */,
				3FFD81A80CF24AC2008F9EBE /* SorSolution.cpp in Sources */,
				3FFD83AB0CF266E2008F9EBE /* MPI_Input.cpp in Sources */,
				3F7B51150D516F4F00BA3087 /* Sources.cpp in Sources */,
			);
			runOnlyForDeploymentPostprocessing = 0;
		};
/* End PBXSourcesBuildPhase section */

/* Begin XCBuildConfiguration section */
		1DEB923208733DC60010E9CD /* Debug */ = {
			isa = XCBuildConfiguration;
			buildSettings = {
				COPY_PHASE_STRIP = NO;
				GCC_DYNAMIC_NO_PIC = NO;
				GCC_ENABLE_FIX_AND_CONTINUE = YES;
				GCC_MODEL_TUNING = G5;
				GCC_OPTIMIZATION_LEVEL = 0;
				INSTALL_PATH = "$(HOME)/bin";
				PRODUCT_NAME = pSOR2D;
				ZERO_LINK = YES;
			};
			name = Debug;
		};
		1DEB923308733DC60010E9CD /* Release */ = {
			isa = XCBuildConfiguration;
			buildSettings = {
				ARCHS = (
					ppc,
					i386,
				);
				GCC_GENERATE_DEBUGGING_SYMBOLS = NO;
				GCC_MODEL_TUNING = G5;
				INSTALL_PATH = "$(HOME)/bin";
				PRODUCT_NAME = pSOR2D;
			};
			name = Release;
		};
		1DEB923608733DC60010E9CD /* Debug */ = {
			isa = XCBuildConfiguration;
			buildSettings = {
				GCC_WARN_ABOUT_RETURN_TYPE = YES;
				GCC_WARN_UNUSED_VARIABLE = YES;
				PREBINDING = NO;
				SDKROOT = /Developer/SDKs/MacOSX10.4u.sdk;
			};
			name = Debug;
		};
		1DEB923708733DC60010E9CD /* Release */ = {
			isa = XCBuildConfiguration;
			buildSettings = {
				GCC_WARN_ABOUT_RETURN_TYPE = YES;
				GCC_WARN_UNUSED_VARIABLE = YES;
				PREBINDING = NO;
				SDKROOT = /Developer/SDKs/MacOSX10.4u.sdk;
			};
			name = Release;
		};
		3F8F18FA0D47DA1A0090A692 /* Debug */ = {
			isa = XCBuildConfiguration;
			buildSettings = {
				COPY_PHASE_STRIP = NO;
				GCC_DYNAMIC_NO_PIC = NO;
				GCC_OPTIMIZATION_LEVEL = 0;
				PRODUCT_NAME = makefile;
			};
			name = Debug;
		};
		3F8F18FB0D47DA1A0090A692 /* Release */ = {
			isa = XCBuildConfiguration;
			buildSettings = {
				COPY_PHASE_STRIP = YES;
				DEBUG_INFORMATION_FORMAT = "dwarf-with-dsym";
				GCC_ENABLE_FIX_AND_CONTINUE = NO;
				PRODUCT_NAME = makefile;
				ZERO_LINK = NO;
			};
			name = Release;
		};
/* End XCBuildConfiguration section */

/* Begin XCConfigurationList section */
		1DEB923108733DC60010E9CD /* Build configuration list for PBXNativeTarget "pSOR2D" */ = {
			isa = XCConfigurationList;
			buildConfigurations = (
				1DEB923208733DC60010E9CD /* Debug */,
				1DEB923308733DC60010E9CD /* Release */,
			);
			defaultConfigurationIsVisible = 0;
			defaultConfigurationName = Release;
		};
		1DEB923508733DC60010E9CD /* Build configuration list for PBXProject "pSOR2D" */ = {
			isa = XCConfigurationList;
			buildConfigurations = (
				1DEB923608733DC60010E9CD /* Debug */,
				1DEB923708733DC60010E9CD /* Release */,
			);
			defaultConfigurationIsVisible = 0;
			defaultConfigurationName = Release;
		};
		3F8F19080D47DA310090A692 /* Build configuration list for PBXLegacyTarget "makefile" */ = {
			isa = XCConfigurationList;
			buildConfigurations = (
				3F8F18FA0D47DA1A0090A692 /* Debug */,
				3F8F18FB0D47DA1A0090A692 /* Release */,
			);
			defaultConfigurationIsVisible = 0;
			defaultConfigurationName = Release;
		};
/* End XCConfigurationList section */
	};
	rootObject = 08FB7793FE84155DC02AAC07 /* Project object */;
}
